
Microsoft Visual Studio Solution File, Format Version 12.00
# Visual Studio Version 16
VisualStudioVersion = 16.6.30114.105
MinimumVisualStudioVersion = 10.0.40219.1
Project("{FAE04EC0-301F-11D3-BF4B-00C04F79EFBC}") = "UI", "UI\UI.csproj", "{D62FBEDC-2FAA-4D5E-9444-7D4732F7A0CD}"
EndProject
Project("{FAE04EC0-301F-11D3-BF4B-00C04F79EFBC}") = "BL", "BL\BL.csproj", "{B6C625E5-E032-4521-9D38-64686958F5B9}"
EndProject
Project("{FAE04EC0-301F-11D3-BF4B-00C04F79EFBC}") = "DL", "DL\DL.csproj", "{F3D48002-58AB-43DF-9F97-E9FE559FFD46}"
EndProject
Project("{FAE04EC0-301F-11D3-BF4B-00C04F79EFBC}") = "Models", "Models\Models.csproj", "{9BB7D547-8D2A-41ED-BED0-818801CC7EFF}"
EndProject
Project("{FAE04EC0-301F-11D3-BF4B-00C04F79EFBC}") = "UnitTest", "UnitTest\UnitTest.csproj", "{F57ACC69-AE1F-4F93-B4C7-B8E9969B1249}"
EndProject
Global
	GlobalSection(SolutionConfigurationPlatforms) = preSolution
		Debug|Any CPU = Debug|Any CPU
		Debug|x64 = Debug|x64
		Debug|x86 = Debug|x86
		Release|Any CPU = Release|Any CPU
		Release|x64 = Release|x64
		Release|x86 = Release|x86
	EndGlobalSection
	GlobalSection(SolutionProperties) = preSolution
		HideSolutionNode = FALSE
	EndGlobalSection
	GlobalSection(ProjectConfigurationPlatforms) = postSolution
		{D62FBEDC-2FAA-4D5E-9444-7D4732F7A0CD}.Debug|Any CPU.ActiveCfg = Debug|Any CPU
		{D62FBEDC-2FAA-4D5E-9444-7D4732F7A0CD}.Debug|Any CPU.Build.0 = Debug|Any CPU
		{D62FBEDC-2FAA-4D5E-9444-7D4732F7A0CD}.Debug|x64.ActiveCfg = Debug|Any CPU
		{D62FBEDC-2FAA-4D5E-9444-7D4732F7A0CD}.Debug|x64.Build.0 = Debug|Any CPU
		{D62FBEDC-2FAA-4D5E-9444-7D4732F7A0CD}.Debug|x86.ActiveCfg = Debug|Any CPU
		{D62FBEDC-2FAA-4D5E-9444-7D4732F7A0CD}.Debug|x86.Build.0 = Debug|Any CPU
		{D62FBEDC-2FAA-4D5E-9444-7D4732F7A0CD}.Release|Any CPU.ActiveCfg = Release|Any CPU
		{D62FBEDC-2FAA-4D5E-9444-7D4732F7A0CD}.Release|Any CPU.Build.0 = Release|Any CPU
		{D62FBEDC-2FAA-4D5E-9444-7D4732F7A0CD}.Release|x64.ActiveCfg = Release|Any CPU
		{D62FBEDC-2FAA-4D5E-9444-7D4732F7A0CD}.Release|x64.Build.0 = Release|Any CPU
		{D62FBEDC-2FAA-4D5E-9444-7D4732F7A0CD}.Release|x86.ActiveCfg = Release|Any CPU
		{D62FBEDC-2FAA-4D5E-9444-7D4732F7A0CD}.Release|x86.Build.0 = Release|Any CPU
		{B6C625E5-E032-4521-9D38-64686958F5B9}.Debug|Any CPU.ActiveCfg = Debug|Any CPU
		{B6C625E5-E032-4521-9D38-64686958F5B9}.Debug|Any CPU.Build.0 = Debug|Any CPU
		{B6C625E5-E032-4521-9D38-64686958F5B9}.Debug|x64.ActiveCfg = Debug|Any CPU
		{B6C625E5-E032-4521-9D38-64686958F5B9}.Debug|x64.Build.0 = Debug|Any CPU
		{B6C625E5-E032-4521-9D38-64686958F5B9}.Debug|x86.ActiveCfg = Debug|Any CPU
		{B6C625E5-E032-4521-9D38-64686958F5B9}.Debug|x86.Build.0 = Debug|Any CPU
		{B6C625E5-E032-4521-9D38-64686958F5B9}.Release|Any CPU.ActiveCfg = Release|Any CPU
		{B6C625E5-E032-4521-9D38-64686958F5B9}.Release|Any CPU.Build.0 = Release|Any CPU
		{B6C625E5-E032-4521-9D38-64686958F5B9}.Release|x64.ActiveCfg = Release|Any CPU
		{B6C625E5-E032-4521-9D38-64686958F5B9}.Release|x64.Build.0 = Release|Any CPU
		{B6C625E5-E032-4521-9D38-64686958F5B9}.Release|x86.ActiveCfg = Release|Any CPU
		{B6C625E5-E032-4521-9D38-64686958F5B9}.Release|x86.Build.0 = Release|Any CPU
		{F3D48002-58AB-43DF-9F97-E9FE559FFD46}.Debug|Any CPU.ActiveCfg = Debug|Any CPU
		{F3D48002-58AB-43DF-9F97-E9FE559FFD46}.Debug|Any CPU.Build.0 = Debug|Any CPU
		{F3D48002-58AB-43DF-9F97-E9FE559FFD46}.Debug|x64.ActiveCfg = Debug|Any CPU
		{F3D48002-58AB-43DF-9F97-E9FE559FFD46}.Debug|x64.Build.0 = Debug|Any CPU
		{F3D48002-58AB-43DF-9F97-E9FE559FFD46}.Debug|x86.ActiveCfg = Debug|Any CPU
		{F3D48002-58AB-43DF-9F97-E9FE559FFD46}.Debug|x86.Build.0 = Debug|Any CPU
		{F3D48002-58AB-43DF-9F97-E9FE559FFD46}.Release|Any CPU.ActiveCfg = Release|Any CPU
		{F3D48002-58AB-43DF-9F97-E9FE559FFD46}.Release|Any CPU.Build.0 = Release|Any CPU
		{F3D48002-58AB-43DF-9F97-E9FE559FFD46}.Release|x64.ActiveCfg = Release|Any CPU
		{F3D48002-58AB-43DF-9F97-E9FE559FFD46}.Release|x64.Build.0 = Release|Any CPU
		{F3D48002-58AB-43DF-9F97-E9FE559FFD46}.Release|x86.ActiveCfg = Release|Any CPU
		{F3D48002-58AB-43DF-9F97-E9FE559FFD46}.Release|x86.Build.0 = Release|Any CPU
		{9BB7D547-8D2A-41ED-BED0-818801CC7EFF}.Debug|Any CPU.ActiveCfg = Debug|Any CPU
		{9BB7D547-8D2A-41ED-BED0-818801CC7EFF}.Debug|Any CPU.Build.0 = Debug|Any CPU
		{9BB7D547-8D2A-41ED-BED0-818801CC7EFF}.Debug|x64.ActiveCfg = Debug|Any CPU
		{9BB7D547-8D2A-41ED-BED0-818801CC7EFF}.Debug|x64.Build.0 = Debug|Any CPU
		{9BB7D547-8D2A-41ED-BED0-818801CC7EFF}.Debug|x86.ActiveCfg = Debug|Any CPU
		{9BB7D547-8D2A-41ED-BED0-818801CC7EFF}.Debug|x86.Build.0 = Debug|Any CPU
		{9BB7D547-8D2A-41ED-BED0-818801CC7EFF}.Release|Any CPU.ActiveCfg = Release|Any CPU
		{9BB7D547-8D2A-41ED-BED0-818801CC7EFF}.Release|Any CPU.Build.0 = Release|Any CPU
		{9BB7D547-8D2A-41ED-BED0-818801CC7EFF}.Release|x64.ActiveCfg = Release|Any CPU
		{9BB7D547-8D2A-41ED-BED0-818801CC7EFF}.Release|x64.Build.0 = Release|Any CPU
		{9BB7D547-8D2A-41ED-BED0-818801CC7EFF}.Release|x86.ActiveCfg = Release|Any CPU
		{9BB7D547-8D2A-41ED-BED0-818801CC7EFF}.Release|x86.Build.0 = Release|Any CPU
		{F57ACC69-AE1F-4F93-B4C7-B8E9969B1249}.Debug|Any CPU.ActiveCfg = Debug|Any CPU
		{F57ACC69-AE1F-4F93-B4C7-B8E9969B1249}.Debug|Any CPU.Build.0 = Debug|Any CPU
		{F57ACC69-AE1F-4F93-B4C7-B8E9969B1249}.Debug|x64.ActiveCfg = Debug|Any CPU
		{F57ACC69-AE1F-4F93-B4C7-B8E9969B1249}.Debug|x64.Build.0 = Debug|Any CPU
		{F57ACC69-AE1F-4F93-B4C7-B8E9969B1249}.Debug|x86.ActiveCfg = Debug|Any CPU
		{F57ACC69-AE1F-4F93-B4C7-B8E9969B1249}.Debug|x86.Build.0 = Debug|Any CPU
		{F57ACC69-AE1F-4F93-B4C7-B8E9969B1249}.Release|Any CPU.ActiveCfg = Release|Any CPU
		{F57ACC69-AE1F-4F93-B4C7-B8E9969B1249}.Release|Any CPU.Build.0 = Release|Any CPU
		{F57ACC69-AE1F-4F93-B4C7-B8E9969B1249}.Release|x64.ActiveCfg = Release|Any CPU
		{F57ACC69-AE1F-4F93-B4C7-B8E9969B1249}.Release|x64.Build.0 = Release|Any CPU
		{F57ACC69-AE1F-4F93-B4C7-B8E9969B1249}.Release|x86.ActiveCfg = Release|Any CPU
		{F57ACC69-AE1F-4F93-B4C7-B8E9969B1249}.Release|x86.Build.0 = Release|Any CPU
	EndGlobalSection
EndGlobal
